
Microsoft Visual Studio Solution File, Format Version 12.00
# Visual Studio 15
VisualStudioVersion = 15.0.28010.2046
MinimumVisualStudioVersion = 10.0.40219.1
Project("{2150E333-8FDC-42A3-9474-1A3956D46DE8}") = "Empty", "Empty", "{93DAD55F-4853-4BE9-B125-F4CC150F45D5}"
EndProject
Project("{8BC9CEB8-8B4A-11D0-8D11-00A0C91BC942}") = "Empty.Shared", "Empty\Empty.Shared\Empty.Shared.vcxitems", "{7945A676-F4C2-42E0-9657-BBD937BF9E9C}"
EndProject
Project("{8BC9CEB8-8B4A-11D0-8D11-00A0C91BC942}") = "Empty.Win32", "Empty\Empty.Win32\Empty.Win32.vcxproj", "{2310B5AF-38A9-4FCC-9A47-C831FC0F7333}"
EndProject
Project("{2150E333-8FDC-42A3-9474-1A3956D46DE8}") = "HelloWorld", "HelloWorld", "{906B2D5C-AB43-49FA-8F76-6BBC06ECBA95}"
EndProject
Project("{8BC9CEB8-8B4A-11D0-8D11-00A0C91BC942}") = "HelloWorld.Shared", "HelloWorld\HelloWorld.Shared\HelloWorld.Shared.vcxitems", "{1FF13D08-D6AC-4287-BBAB-FF5239CBB0BE}"
EndProject
Project("{8BC9CEB8-8B4A-11D0-8D11-00A0C91BC942}") = "HelloWorld.Win32", "HelloWorld\HelloWorld.Win32\HelloWorld.Win32.vcxproj", "{8D0E40AA-84CA-491A-953A-23F5B9CBC425}"
EndProject
Global
	GlobalSection(SharedMSBuildProjectFiles) = preSolution
		HelloWorld\HelloWorld.Shared\HelloWorld.Shared.vcxitems*{1ff13d08-d6ac-4287-bbab-ff5239cbb0be}*SharedItemsImports = 9
		Empty\Empty.Shared\Empty.Shared.vcxitems*{2310b5af-38a9-4fcc-9a47-c831fc0f7333}*SharedItemsImports = 4
		Empty\Empty.Shared\Empty.Shared.vcxitems*{7945a676-f4c2-42e0-9657-bbd937bf9e9c}*SharedItemsImports = 9
		HelloWorld\HelloWorld.Shared\HelloWorld.Shared.vcxitems*{8d0e40aa-84ca-491a-953a-23f5b9cbc425}*SharedItemsImports = 4
	EndGlobalSection
	GlobalSection(SolutionConfigurationPlatforms) = preSolution
		Debug|x64 = Debug|x64
		Debug|x86 = Debug|x86
		Dev|x64 = Dev|x64
		Dev|x86 = Dev|x86
		Release|x64 = Release|x64
		Release|x86 = Release|x86
	EndGlobalSection
	GlobalSection(ProjectConfigurationPlatforms) = postSolution
		{2310B5AF-38A9-4FCC-9A47-C831FC0F7333}.Debug|x64.ActiveCfg = Debug|x64
		{2310B5AF-38A9-4FCC-9A47-C831FC0F7333}.Debug|x64.Build.0 = Debug|x64
		{2310B5AF-38A9-4FCC-9A47-C831FC0F7333}.Debug|x86.ActiveCfg = Debug|Win32
		{2310B5AF-38A9-4FCC-9A47-C831FC0F7333}.Debug|x86.Build.0 = Debug|Win32
		{2310B5AF-38A9-4FCC-9A47-C831FC0F7333}.Dev|x64.ActiveCfg = Dev|x64
		{2310B5AF-38A9-4FCC-9A47-C831FC0F7333}.Dev|x64.Build.0 = Dev|x64
		{2310B5AF-38A9-4FCC-9A47-C831FC0F7333}.Dev|x86.ActiveCfg = Dev|Win32
		{2310B5AF-38A9-4FCC-9A47-C831FC0F7333}.Dev|x86.Build.0 = Dev|Win32
		{2310B5AF-38A9-4FCC-9A47-C831FC0F7333}.Release|x64.ActiveCfg = Release|x64
		{2310B5AF-38A9-4FCC-9A47-C831FC0F7333}.Release|x64.Build.0 = Release|x64
		{2310B5AF-38A9-4FCC-9A47-C831FC0F7333}.Release|x86.ActiveCfg = Release|Win32
		{2310B5AF-38A9-4FCC-9A47-C831FC0F7333}.Release|x86.Build.0 = Release|Win32
		{8D0E40AA-84CA-491A-953A-23F5B9CBC425}.Debug|x64.ActiveCfg = Debug|x64
		{8D0E40AA-84CA-491A-953A-23F5B9CBC425}.Debug|x64.Build.0 = Debug|x64
		{8D0E40AA-84CA-491A-953A-23F5B9CBC425}.Debug|x86.ActiveCfg = Debug|Win32
		{8D0E40AA-84CA-491A-953A-23F5B9CBC425}.Debug|x86.Build.0 = Debug|Win32
		{8D0E40AA-84CA-491A-953A-23F5B9CBC425}.Dev|x64.ActiveCfg = Dev|x64
		{8D0E40AA-84CA-491A-953A-23F5B9CBC425}.Dev|x64.Build.0 = Dev|x64
		{8D0E40AA-84CA-491A-953A-23F5B9CBC425}.Dev|x86.ActiveCfg = Dev|Win32
		{8D0E40AA-84CA-491A-953A-23F5B9CBC425}.Dev|x86.Build.0 = Dev|Win32
		{8D0E40AA-84CA-491A-953A-23F5B9CBC425}.Release|x64.ActiveCfg = Release|x64
		{8D0E40AA-84CA-491A-953A-23F5B9CBC425}.Release|x64.Build.0 = Release|x64
		{8D0E40AA-84CA-491A-953A-23F5B9CBC425}.Release|x86.ActiveCfg = Release|Win32
		{8D0E40AA-84CA-491A-953A-23F5B9CBC425}.Release|x86.Build.0 = Release|Win32
	EndGlobalSection
	GlobalSection(SolutionProperties) = preSolution
		HideSolutionNode = FALSE
	EndGlobalSection
	GlobalSection(NestedProjects) = preSolution
		{7945A676-F4C2-42E0-9657-BBD937BF9E9C} = {93DAD55F-4853-4BE9-B125-F4CC150F45D5}
		{2310B5AF-38A9-4FCC-9A47-C831FC0F7333} = {93DAD55F-4853-4BE9-B125-F4CC150F45D5}
		{1FF13D08-D6AC-4287-BBAB-FF5239CBB0BE} = {906B2D5C-AB43-49FA-8F76-6BBC06ECBA95}
		{8D0E40AA-84CA-491A-953A-23F5B9CBC425} = {906B2D5C-AB43-49FA-8F76-6BBC06ECBA95}
	EndGlobalSection
	GlobalSection(ExtensibilityGlobals) = postSolution
		SolutionGuid = {678BCD3F-7769-489A-A260-E3AE10F4D3AF}
	EndGlobalSection
EndGlobal
